
Microsoft Visual Studio Solution File, Format Version 12.00
# Visual Studio 14
VisualStudioVersion = 14.0.25420.1
MinimumVisualStudioVersion = 10.0.40219.1
Project("{FAE04EC0-301F-11D3-BF4B-00C04F79EFBC}") = "WindowsFormsApplication1", "WindowsFormsApplication1\WindowsFormsApplication1.csproj", "{9C03D849-C38D-42F8-BC61-E7B99B50790F}"
EndProject
Project("{54435603-DBB4-11D2-8724-00A0C9A8B90C}") = "Setup2", "Setup2\Setup2.vdproj", "{1DE98B20-2C1D-4050-8569-0ACB9E398E90}"
EndProject
Global
	GlobalSection(SolutionConfigurationPlatforms) = preSolution
		Debug|Any CPU = Debug|Any CPU
		Debug|x64 = Debug|x64
		Debug|x86 = Debug|x86
		Release|Any CPU = Release|Any CPU
		Release|x64 = Release|x64
		Release|x86 = Release|x86
	EndGlobalSection
	GlobalSection(ProjectConfigurationPlatforms) = postSolution
		{9C03D849-C38D-42F8-BC61-E7B99B50790F}.Debug|Any CPU.ActiveCfg = Debug|Any CPU
		{9C03D849-C38D-42F8-BC61-E7B99B50790F}.Debug|Any CPU.Build.0 = Debug|Any CPU
		{9C03D849-C38D-42F8-BC61-E7B99B50790F}.Debug|x64.ActiveCfg = Debug|x64
		{9C03D849-C38D-42F8-BC61-E7B99B50790F}.Debug|x64.Build.0 = Debug|x64
		{9C03D849-C38D-42F8-BC61-E7B99B50790F}.Debug|x86.ActiveCfg = Debug|x86
		{9C03D849-C38D-42F8-BC61-E7B99B50790F}.Debug|x86.Build.0 = Debug|x86
		{9C03D849-C38D-42F8-BC61-E7B99B50790F}.Release|Any CPU.ActiveCfg = Release|Any CPU
		{9C03D849-C38D-42F8-BC61-E7B99B50790F}.Release|Any CPU.Build.0 = Release|Any CPU
		{9C03D849-C38D-42F8-BC61-E7B99B50790F}.Release|x64.ActiveCfg = Release|x64
		{9C03D849-C38D-42F8-BC61-E7B99B50790F}.Release|x64.Build.0 = Release|x64
		{9C03D849-C38D-42F8-BC61-E7B99B50790F}.Release|x86.ActiveCfg = Release|x86
		{9C03D849-C38D-42F8-BC61-E7B99B50790F}.Release|x86.Build.0 = Release|x86
		{1DE98B20-2C1D-4050-8569-0ACB9E398E90}.Debug|Any CPU.ActiveCfg = Debug
		{1DE98B20-2C1D-4050-8569-0ACB9E398E90}.Debug|x64.ActiveCfg = Debug
		{1DE98B20-2C1D-4050-8569-0ACB9E398E90}.Debug|x64.Build.0 = Debug
		{1DE98B20-2C1D-4050-8569-0ACB9E398E90}.Debug|x86.ActiveCfg = Debug
		{1DE98B20-2C1D-4050-8569-0ACB9E398E90}.Debug|x86.Build.0 = Debug
		{1DE98B20-2C1D-4050-8569-0ACB9E398E90}.Release|Any CPU.ActiveCfg = Release
		{1DE98B20-2C1D-4050-8569-0ACB9E398E90}.Release|x64.ActiveCfg = Release
		{1DE98B20-2C1D-4050-8569-0ACB9E398E90}.Release|x64.Build.0 = Release
		{1DE98B20-2C1D-4050-8569-0ACB9E398E90}.Release|x86.ActiveCfg = Release
		{1DE98B20-2C1D-4050-8569-0ACB9E398E90}.Release|x86.Build.0 = Release
	EndGlobalSection
	GlobalSection(SolutionProperties) = preSolution
		HideSolutionNode = FALSE
	EndGlobalSection
EndGlobal
